PODS:
  - composeApp (1.0):
    - DittoObjC (= 4.7.2-rc.1)
  - DittoObjC (4.7.2-rc.1)

DEPENDENCIES:
  - composeApp (from `../composeApp`)

SPEC REPOS:
  trunk:
    - DittoObjC

EXTERNAL SOURCES:
  composeApp:
    :path: "../composeApp"

SPEC CHECKSUMS:
  composeApp: 2f1a42b9146930a2553634923580953b8db10fc0
  DittoObjC: 3f3de19c28986d14cad0a98d14eac5bd5b4d9f0b

PODFILE CHECKSUM: ea73dd2cb2487f8f8c7b60549b0e676857da350f

COCOAPODS: 1.15.2
