PODS:
  - DittoObjC (4.7.1-rc.2)
  - shared (1.0):
    - DittoObjC (= 4.7.1-rc.2)

DEPENDENCIES:
  - shared (from `../shared`)

SPEC REPOS:
  trunk:
    - DittoObjC

EXTERNAL SOURCES:
  shared:
    :path: "../shared"

SPEC CHECKSUMS:
  DittoObjC: 53aafcbbb833f270e28d10d7727aa06c9f6e7432
  shared: 3ecd45e5df7c312326c80a655b2e040831ffd6f0

PODFILE CHECKSUM: 78d6cc1b71b232202c48a29d4e6c34972c534c73

COCOAPODS: 1.15.2
