PODS:
  - composeApp (1.0):
    - DittoObjC (= 4.7.1-rc.3)
  - DittoObjC (4.7.1-rc.3)

DEPENDENCIES:
  - composeApp (from `../composeApp`)

SPEC REPOS:
  trunk:
    - DittoObjC

EXTERNAL SOURCES:
  composeApp:
    :path: "../composeApp"

SPEC CHECKSUMS:
  composeApp: 8bf8c2450718e47123a271619b62d4fb38b4ef7b
  DittoObjC: 44a68aa1a0e13f4d9f77e7ab4f1dfddd421ece06

PODFILE CHECKSUM: 501c9565884acd2f13287e4df5f64b146b918298

COCOAPODS: 1.15.2
